
Microsoft Visual Studio Solution File, Format Version 12.00
# Visual Studio 15
VisualStudioVersion = 15.0.28010.2019
MinimumVisualStudioVersion = 10.0.40219.1
Project("{FAE04EC0-301F-11D3-BF4B-00C04F79EFBC}") = "ForSew", "ForSew\ForSew.csproj", "{667BEF6D-2997-4603-B3F0-3796FDDF2005}"
EndProject
Project("{FAE04EC0-301F-11D3-BF4B-00C04F79EFBC}") = "CreateLoadRepFile", "CreateLoadRepFile\CreateLoadRepFile.csproj", "{D5C3ECEE-CE2C-4214-ADF9-A5909800685F}"
EndProject
Global
	GlobalSection(SolutionConfigurationPlatforms) = preSolution
		Debug|Any CPU = Debug|Any CPU
		Release|Any CPU = Release|Any CPU
	EndGlobalSection
	GlobalSection(ProjectConfigurationPlatforms) = postSolution
		{667BEF6D-2997-4603-B3F0-3796FDDF2005}.Debug|Any CPU.ActiveCfg = Debug|Any CPU
		{667BEF6D-2997-4603-B3F0-3796FDDF2005}.Debug|Any CPU.Build.0 = Debug|Any CPU
		{667BEF6D-2997-4603-B3F0-3796FDDF2005}.Release|Any CPU.ActiveCfg = Release|Any CPU
		{667BEF6D-2997-4603-B3F0-3796FDDF2005}.Release|Any CPU.Build.0 = Release|Any CPU
		{D5C3ECEE-CE2C-4214-ADF9-A5909800685F}.Debug|Any CPU.ActiveCfg = Debug|Any CPU
		{D5C3ECEE-CE2C-4214-ADF9-A5909800685F}.Debug|Any CPU.Build.0 = Debug|Any CPU
		{D5C3ECEE-CE2C-4214-ADF9-A5909800685F}.Release|Any CPU.ActiveCfg = Release|Any CPU
		{D5C3ECEE-CE2C-4214-ADF9-A5909800685F}.Release|Any CPU.Build.0 = Release|Any CPU
	EndGlobalSection
	GlobalSection(SolutionProperties) = preSolution
		HideSolutionNode = FALSE
	EndGlobalSection
	GlobalSection(ExtensibilityGlobals) = postSolution
		SolutionGuid = {A3E95E06-C541-4F7A-B9E9-729030040C80}
	EndGlobalSection
EndGlobal
